
Microsoft Visual Studio Solution File, Format Version 12.00
# Visual Studio Version 17
VisualStudioVersion = 17.6.33829.357
MinimumVisualStudioVersion = 10.0.40219.1
Project("{FAE04EC0-301F-11D3-BF4B-00C04F79EFBC}") = "PI-Laba-5-Warehouse", "PI-Laba-5-Warehouse\PI-Laba-5-Warehouse.csproj", "{AD351033-EB8A-47C8-87BF-CC56DD5141B6}"
EndProject
Global
	GlobalSection(SolutionConfigurationPlatforms) = preSolution
		Debug|Any CPU = Debug|Any CPU
		Release|Any CPU = Release|Any CPU
	EndGlobalSection
	GlobalSection(ProjectConfigurationPlatforms) = postSolution
		{AD351033-EB8A-47C8-87BF-CC56DD5141B6}.Debug|Any CPU.ActiveCfg = Debug|Any CPU
		{AD351033-EB8A-47C8-87BF-CC56DD5141B6}.Debug|Any CPU.Build.0 = Debug|Any CPU
		{AD351033-EB8A-47C8-87BF-CC56DD5141B6}.Release|Any CPU.ActiveCfg = Release|Any CPU
		{AD351033-EB8A-47C8-87BF-CC56DD5141B6}.Release|Any CPU.Build.0 = Release|Any CPU
	EndGlobalSection
	GlobalSection(SolutionProperties) = preSolution
		HideSolutionNode = FALSE
	EndGlobalSection
	GlobalSection(ExtensibilityGlobals) = postSolution
		SolutionGuid = {1157A328-F8B8-4DB5-8EDF-CDB908EDE7AA}
	EndGlobalSection
EndGlobal
